
Microsoft Visual Studio Solution File, Format Version 12.00
# Visual Studio 15
VisualStudioVersion = 15.0.36530.23
MinimumVisualStudioVersion = 10.0.40219.1
Project("{9A19103F-16F7-4668-BE54-9A1E7A4F7556}") = "CombatManager", "CombatManager.csproj", "{E3B4BEB7-D354-42E9-81C6-E7AEEE4C6A30}"
EndProject
Global
	GlobalSection(SolutionConfigurationPlatforms) = preSolution
		Debug|Any CPU = Debug|Any CPU
		Release|Any CPU = Release|Any CPU
	EndGlobalSection
	GlobalSection(ProjectConfigurationPlatforms) = postSolution
		{E3B4BEB7-D354-42E9-81C6-E7AEEE4C6A30}.Debug|Any CPU.ActiveCfg = Debug|Any CPU
		{E3B4BEB7-D354-42E9-81C6-E7AEEE4C6A30}.Debug|Any CPU.Build.0 = Debug|Any CPU
		{E3B4BEB7-D354-42E9-81C6-E7AEEE4C6A30}.Release|Any CPU.ActiveCfg = Release|Any CPU
		{E3B4BEB7-D354-42E9-81C6-E7AEEE4C6A30}.Release|Any CPU.Build.0 = Release|Any CPU
	EndGlobalSection
	GlobalSection(SolutionProperties) = preSolution
		HideSolutionNode = FALSE
	EndGlobalSection
	GlobalSection(ExtensibilityGlobals) = postSolution
		SolutionGuid = {E3DA9DC7-7DB5-4CD7-AFF8-8BB405165C8E}
	EndGlobalSection
EndGlobal
